// !$*UTF8*$!
{
	archiveVersion = 1;
	classes = {
	};
	objectVersion = 56;
	objects = {

/* Begin PBXBuildFile section */
		8B7424D32CCA5A9600E198C3 /* AppDelegate.swift in Sources */ = {isa = PBXBuildFile; fileRef = 8B7424D22CCA5A9600E198C3 /* AppDelegate.swift */; };
		8B7424D52CCA5A9600E198C3 /* SceneDelegate.swift in Sources */ = {isa = PBXBuildFile; fileRef = 8B7424D42CCA5A9600E198C3 /* SceneDelegate.swift */; };
		8B7424D72CCA5A9600E198C3 /* ViewController.swift in Sources */ = {isa = PBXBuildFile; fileRef = 8B7424D62CCA5A9600E198C3 /* ViewController.swift */; };
		8B7424DC2CCA5A9800E198C3 /* Assets.xcassets in Resources */ = {isa = PBXBuildFile; fileRef = 8B7424DB2CCA5A9800E198C3 /* Assets.xcassets */; };
		8B7424DF2CCA5A9800E198C3 /* Base in Resources */ = {isa = PBXBuildFile; fileRef = 8B7424DE2CCA5A9800E198C3 /* Base */; };
		8B7424EA2CCA5A9800E198C3 /* SpotChatTests.swift in Sources */ = {isa = PBXBuildFile; fileRef = 8B7424E92CCA5A9800E198C3 /* SpotChatTests.swift */; };
		8B7424F42CCA5A9800E198C3 /* SpotChatUITests.swift in Sources */ = {isa = PBXBuildFile; fileRef = 8B7424F32CCA5A9800E198C3 /* SpotChatUITests.swift */; };
		8B7424F62CCA5A9800E198C3 /* SpotChatUITestsLaunchTests.swift in Sources */ = {isa = PBXBuildFile; fileRef = 8B7424F52CCA5A9800E198C3 /* SpotChatUITestsLaunchTests.swift */; };
		8B7F3B562CCE0DED00B6D34C /* SnapKit in Frameworks */ = {isa = PBXBuildFile; productRef = 8B7F3B552CCE0DED00B6D34C /* SnapKit */; };
		8B7F3B622CCF175F00B6D34C /* .gitignore in Resources */ = {isa = PBXBuildFile; fileRef = 8B7F3B612CCF175F00B6D34C /* .gitignore */; };
		8B7F3B642CCF846A00B6D34C /* APIKey.swift in Sources */ = {isa = PBXBuildFile; fileRef = 8B7F3B632CCF846A00B6D34C /* APIKey.swift */; };
		8B7F3B662CCF9ADE00B6D34C /* NetworkManager.swift in Sources */ = {isa = PBXBuildFile; fileRef = 8B7F3B652CCF9ADE00B6D34C /* NetworkManager.swift */; };
		8B7F3B6A2CCF9D1B00B6D34C /* URLComponent.swift in Sources */ = {isa = PBXBuildFile; fileRef = 8B7F3B692CCF9D1B00B6D34C /* URLComponent.swift */; };
		8B7F3B6E2CCFA04D00B6D34C /* TargetType.swift in Sources */ = {isa = PBXBuildFile; fileRef = 8B7F3B6D2CCFA04D00B6D34C /* TargetType.swift */; };
		8B7F3B702CCFA51400B6D34C /* UserDefaultManager.swift in Sources */ = {isa = PBXBuildFile; fileRef = 8B7F3B6F2CCFA51400B6D34C /* UserDefaultManager.swift */; };
		8B7F3B732CCFAA9400B6D34C /* ResponseModel.swift in Sources */ = {isa = PBXBuildFile; fileRef = 8B7F3B722CCFAA9400B6D34C /* ResponseModel.swift */; };
		8B7F3B7D2CD0C09D00B6D34C /* NetworkError.swift in Sources */ = {isa = PBXBuildFile; fileRef = 8B7F3B7C2CD0C09D00B6D34C /* NetworkError.swift */; };
		8B7F3B812CD0CD5F00B6D34C /* OnBoardingVC.swift in Sources */ = {isa = PBXBuildFile; fileRef = 8B7F3B802CD0CD5E00B6D34C /* OnBoardingVC.swift */; };
		8B7F3B842CD0CD8A00B6D34C /* BaseVC.swift in Sources */ = {isa = PBXBuildFile; fileRef = 8B7F3B832CD0CD8A00B6D34C /* BaseVC.swift */; };
		8B7F3B862CD0CDBB00B6D34C /* BaseView.swift in Sources */ = {isa = PBXBuildFile; fileRef = 8B7F3B852CD0CDBB00B6D34C /* BaseView.swift */; };
		8B7F3B892CD0CE6E00B6D34C /* UIColor+.swift in Sources */ = {isa = PBXBuildFile; fileRef = 8B7F3B882CD0CE6E00B6D34C /* UIColor+.swift */; };
		8B7F3B8B2CD0CF4D00B6D34C /* SignUpView.swift in Sources */ = {isa = PBXBuildFile; fileRef = 8B7F3B8A2CD0CF4D00B6D34C /* SignUpView.swift */; };
		8B7F3B8E2CD0D19700B6D34C /* OnBoardingView.swift in Sources */ = {isa = PBXBuildFile; fileRef = 8B7F3B8D2CD0D19700B6D34C /* OnBoardingView.swift */; };
		8B7F3B902CD0D32500B6D34C /* AuthVC.swift in Sources */ = {isa = PBXBuildFile; fileRef = 8B7F3B8F2CD0D32500B6D34C /* AuthVC.swift */; };
		8B7F3B922CD0EB4D00B6D34C /* AuthView.swift in Sources */ = {isa = PBXBuildFile; fileRef = 8B7F3B912CD0EB4D00B6D34C /* AuthView.swift */; };
		8B7F3B942CD0FC6500B6D34C /* SignUpVC.swift in Sources */ = {isa = PBXBuildFile; fileRef = 8B7F3B932CD0FC6500B6D34C /* SignUpVC.swift */; };
		8B7F3B972CD0FF3900B6D34C /* CustomSignTextField.swift in Sources */ = {isa = PBXBuildFile; fileRef = 8B7F3B962CD0FF3900B6D34C /* CustomSignTextField.swift */; };
		8B7F3B9A2CD1130600B6D34C /* MapVC.swift in Sources */ = {isa = PBXBuildFile; fileRef = 8B7F3B992CD1130600B6D34C /* MapVC.swift */; };
		8B7F3B9D2CD2219A00B6D34C /* CombineCocoa in Frameworks */ = {isa = PBXBuildFile; productRef = 8B7F3B9C2CD2219A00B6D34C /* CombineCocoa */; };
		8B7F3B9F2CD336AC00B6D34C /* SignUpVM.swift in Sources */ = {isa = PBXBuildFile; fileRef = 8B7F3B9E2CD336AC00B6D34C /* SignUpVM.swift */; };
		8B7F3BA12CD336CF00B6D34C /* BaseVMProtocol.swift in Sources */ = {isa = PBXBuildFile; fileRef = 8B7F3BA02CD336CF00B6D34C /* BaseVMProtocol.swift */; };
		8B7F3BA32CD37DE900B6D34C /* AppleLogin.swift in Sources */ = {isa = PBXBuildFile; fileRef = 8B7F3BA22CD37DE900B6D34C /* AppleLogin.swift */; };
		8B7F3BAE2CD3967900B6D34C /* KakaoSDK in Frameworks */ = {isa = PBXBuildFile; productRef = 8B7F3BAD2CD3967900B6D34C /* KakaoSDK */; };
		8B7F3BB02CD3967900B6D34C /* KakaoSDKAuth in Frameworks */ = {isa = PBXBuildFile; productRef = 8B7F3BAF2CD3967900B6D34C /* KakaoSDKAuth */; };
		8B7F3BB22CD3967900B6D34C /* KakaoSDKCert in Frameworks */ = {isa = PBXBuildFile; productRef = 8B7F3BB12CD3967900B6D34C /* KakaoSDKCert */; };
		8B7F3BB42CD3967900B6D34C /* KakaoSDKCertCore in Frameworks */ = {isa = PBXBuildFile; productRef = 8B7F3BB32CD3967900B6D34C /* KakaoSDKCertCore */; };
		8B7F3BB62CD3967900B6D34C /* KakaoSDKCommon in Frameworks */ = {isa = PBXBuildFile; productRef = 8B7F3BB52CD3967900B6D34C /* KakaoSDKCommon */; };
		8B7F3BB92CD3AF0D00B6D34C /* KakaoAuthVM.swift in Sources */ = {isa = PBXBuildFile; fileRef = 8B7F3BB82CD3AF0D00B6D34C /* KakaoAuthVM.swift */; };
		8B7F3BBD2CD45FA300B6D34C /* TabBarVC.swift in Sources */ = {isa = PBXBuildFile; fileRef = 8B7F3BBC2CD45FA300B6D34C /* TabBarVC.swift */; };
		8BDC9F842CD460D400E94702 /* ChatVC.swift in Sources */ = {isa = PBXBuildFile; fileRef = 8BDC9F832CD460D400E94702 /* ChatVC.swift */; };
		8BDC9F872CD4612E00E94702 /* SettingVC.swift in Sources */ = {isa = PBXBuildFile; fileRef = 8BDC9F862CD4612E00E94702 /* SettingVC.swift */; };
/* End PBXBuildFile section */

/* Begin PBXContainerItemProxy section */
		8B7424E62CCA5A9800E198C3 /* PBXContainerItemProxy */ = {
			isa = PBXContainerItemProxy;
			containerPortal = 8B7424C72CCA5A9600E198C3 /* Project object */;
			proxyType = 1;
			remoteGlobalIDString = 8B7424CE2CCA5A9600E198C3;
			remoteInfo = SpotChat;
		};
		8B7424F02CCA5A9800E198C3 /* PBXContainerItemProxy */ = {
			isa = PBXContainerItemProxy;
			containerPortal = 8B7424C72CCA5A9600E198C3 /* Project object */;
			proxyType = 1;
			remoteGlobalIDString = 8B7424CE2CCA5A9600E198C3;
			remoteInfo = SpotChat;
		};
/* End PBXContainerItemProxy section */

/* Begin PBXFileReference section */
		8B7424CF2CCA5A9600E198C3 /* SpotChat.app */ = {isa = PBXFileReference; explicitFileType = wrapper.application; includeInIndex = 0; path = SpotChat.app; sourceTree = BUILT_PRODUCTS_DIR; };
		8B7424D22CCA5A9600E198C3 /* AppDelegate.swift */ = {isa = PBXFileReference; lastKnownFileType = sourcecode.swift; path = AppDelegate.swift; sourceTree = "<group>"; };
		8B7424D42CCA5A9600E198C3 /* SceneDelegate.swift */ = {isa = PBXFileReference; lastKnownFileType = sourcecode.swift; path = SceneDelegate.swift; sourceTree = "<group>"; };
		8B7424D62CCA5A9600E198C3 /* ViewController.swift */ = {isa = PBXFileReference; lastKnownFileType = sourcecode.swift; path = ViewController.swift; sourceTree = "<group>"; };
		8B7424DB2CCA5A9800E198C3 /* Assets.xcassets */ = {isa = PBXFileReference; lastKnownFileType = folder.assetcatalog; path = Assets.xcassets; sourceTree = "<group>"; };
		8B7424DE2CCA5A9800E198C3 /* Base */ = {isa = PBXFileReference; lastKnownFileType = file.storyboard; name = Base; path = Base.lproj/LaunchScreen.storyboard; sourceTree = "<group>"; };
		8B7424E02CCA5A9800E198C3 /* Info.plist */ = {isa = PBXFileReference; lastKnownFileType = text.plist.xml; path = Info.plist; sourceTree = "<group>"; };
		8B7424E52CCA5A9800E198C3 /* SpotChatTests.xctest */ = {isa = PBXFileReference; explicitFileType = wrapper.cfbundle; includeInIndex = 0; path = SpotChatTests.xctest; sourceTree = BUILT_PRODUCTS_DIR; };
		8B7424E92CCA5A9800E198C3 /* SpotChatTests.swift */ = {isa = PBXFileReference; lastKnownFileType = sourcecode.swift; path = SpotChatTests.swift; sourceTree = "<group>"; };
		8B7424EF2CCA5A9800E198C3 /* SpotChatUITests.xctest */ = {isa = PBXFileReference; explicitFileType = wrapper.cfbundle; includeInIndex = 0; path = SpotChatUITests.xctest; sourceTree = BUILT_PRODUCTS_DIR; };
		8B7424F32CCA5A9800E198C3 /* SpotChatUITests.swift */ = {isa = PBXFileReference; lastKnownFileType = sourcecode.swift; path = SpotChatUITests.swift; sourceTree = "<group>"; };
		8B7424F52CCA5A9800E198C3 /* SpotChatUITestsLaunchTests.swift */ = {isa = PBXFileReference; lastKnownFileType = sourcecode.swift; path = SpotChatUITestsLaunchTests.swift; sourceTree = "<group>"; };
		8B7F3B612CCF175F00B6D34C /* .gitignore */ = {isa = PBXFileReference; lastKnownFileType = text; path = .gitignore; sourceTree = "<group>"; };
		8B7F3B632CCF846A00B6D34C /* APIKey.swift */ = {isa = PBXFileReference; lastKnownFileType = sourcecode.swift; path = APIKey.swift; sourceTree = "<group>"; };
		8B7F3B652CCF9ADE00B6D34C /* NetworkManager.swift */ = {isa = PBXFileReference; lastKnownFileType = sourcecode.swift; path = NetworkManager.swift; sourceTree = "<group>"; };
		8B7F3B692CCF9D1B00B6D34C /* URLComponent.swift */ = {isa = PBXFileReference; lastKnownFileType = sourcecode.swift; path = URLComponent.swift; sourceTree = "<group>"; };
		8B7F3B6D2CCFA04D00B6D34C /* TargetType.swift */ = {isa = PBXFileReference; lastKnownFileType = sourcecode.swift; path = TargetType.swift; sourceTree = "<group>"; };
		8B7F3B6F2CCFA51400B6D34C /* UserDefaultManager.swift */ = {isa = PBXFileReference; lastKnownFileType = sourcecode.swift; path = UserDefaultManager.swift; sourceTree = "<group>"; };
		8B7F3B722CCFAA9400B6D34C /* ResponseModel.swift */ = {isa = PBXFileReference; lastKnownFileType = sourcecode.swift; path = ResponseModel.swift; sourceTree = "<group>"; };
		8B7F3B7C2CD0C09D00B6D34C /* NetworkError.swift */ = {isa = PBXFileReference; lastKnownFileType = sourcecode.swift; path = NetworkError.swift; sourceTree = "<group>"; };
		8B7F3B802CD0CD5E00B6D34C /* OnBoardingVC.swift */ = {isa = PBXFileReference; lastKnownFileType = sourcecode.swift; path = OnBoardingVC.swift; sourceTree = "<group>"; };
		8B7F3B832CD0CD8A00B6D34C /* BaseVC.swift */ = {isa = PBXFileReference; lastKnownFileType = sourcecode.swift; path = BaseVC.swift; sourceTree = "<group>"; };
		8B7F3B852CD0CDBB00B6D34C /* BaseView.swift */ = {isa = PBXFileReference; lastKnownFileType = sourcecode.swift; path = BaseView.swift; sourceTree = "<group>"; };
		8B7F3B882CD0CE6E00B6D34C /* UIColor+.swift */ = {isa = PBXFileReference; lastKnownFileType = sourcecode.swift; path = "UIColor+.swift"; sourceTree = "<group>"; };
		8B7F3B8A2CD0CF4D00B6D34C /* SignUpView.swift */ = {isa = PBXFileReference; lastKnownFileType = sourcecode.swift; path = SignUpView.swift; sourceTree = "<group>"; };
		8B7F3B8D2CD0D19700B6D34C /* OnBoardingView.swift */ = {isa = PBXFileReference; lastKnownFileType = sourcecode.swift; path = OnBoardingView.swift; sourceTree = "<group>"; };
		8B7F3B8F2CD0D32500B6D34C /* AuthVC.swift */ = {isa = PBXFileReference; lastKnownFileType = sourcecode.swift; path = AuthVC.swift; sourceTree = "<group>"; };
		8B7F3B912CD0EB4D00B6D34C /* AuthView.swift */ = {isa = PBXFileReference; lastKnownFileType = sourcecode.swift; path = AuthView.swift; sourceTree = "<group>"; };
		8B7F3B932CD0FC6500B6D34C /* SignUpVC.swift */ = {isa = PBXFileReference; lastKnownFileType = sourcecode.swift; path = SignUpVC.swift; sourceTree = "<group>"; };
		8B7F3B962CD0FF3900B6D34C /* CustomSignTextField.swift */ = {isa = PBXFileReference; lastKnownFileType = sourcecode.swift; path = CustomSignTextField.swift; sourceTree = "<group>"; };
		8B7F3B982CD1098700B6D34C /* SpotChat.entitlements */ = {isa = PBXFileReference; lastKnownFileType = text.plist.entitlements; path = SpotChat.entitlements; sourceTree = "<group>"; };
		8B7F3B992CD1130600B6D34C /* MapVC.swift */ = {isa = PBXFileReference; lastKnownFileType = sourcecode.swift; path = MapVC.swift; sourceTree = "<group>"; };
		8B7F3B9E2CD336AC00B6D34C /* SignUpVM.swift */ = {isa = PBXFileReference; lastKnownFileType = sourcecode.swift; path = SignUpVM.swift; sourceTree = "<group>"; };
		8B7F3BA02CD336CF00B6D34C /* BaseVMProtocol.swift */ = {isa = PBXFileReference; lastKnownFileType = sourcecode.swift; path = BaseVMProtocol.swift; sourceTree = "<group>"; };
		8B7F3BA22CD37DE900B6D34C /* AppleLogin.swift */ = {isa = PBXFileReference; lastKnownFileType = sourcecode.swift; path = AppleLogin.swift; sourceTree = "<group>"; };
		8B7F3BB82CD3AF0D00B6D34C /* KakaoAuthVM.swift */ = {isa = PBXFileReference; lastKnownFileType = sourcecode.swift; path = KakaoAuthVM.swift; sourceTree = "<group>"; };
		8B7F3BBA2CD3B8A800B6D34C /* Config.xcconfig */ = {isa = PBXFileReference; lastKnownFileType = text.xcconfig; path = Config.xcconfig; sourceTree = "<group>"; };
		8B7F3BBC2CD45FA300B6D34C /* TabBarVC.swift */ = {isa = PBXFileReference; lastKnownFileType = sourcecode.swift; path = TabBarVC.swift; sourceTree = "<group>"; };
		8BDC9F832CD460D400E94702 /* ChatVC.swift */ = {isa = PBXFileReference; lastKnownFileType = sourcecode.swift; path = ChatVC.swift; sourceTree = "<group>"; };
		8BDC9F862CD4612E00E94702 /* SettingVC.swift */ = {isa = PBXFileReference; lastKnownFileType = sourcecode.swift; path = SettingVC.swift; sourceTree = "<group>"; };
/* End PBXFileReference section */

/* Begin PBXFrameworksBuildPhase section */
		8B7424CC2CCA5A9600E198C3 /* Frameworks */ = {
			isa = PBXFrameworksBuildPhase;
			buildActionMask = 2147483647;
			files = (
				8B7F3B9D2CD2219A00B6D34C /* CombineCocoa in Frameworks */,
				8B7F3BB62CD3967900B6D34C /* KakaoSDKCommon in Frameworks */,
				8B7F3B562CCE0DED00B6D34C /* SnapKit in Frameworks */,
				8B7F3BB42CD3967900B6D34C /* KakaoSDKCertCore in Frameworks */,
				8B7F3BAE2CD3967900B6D34C /* KakaoSDK in Frameworks */,
				8B7F3BB02CD3967900B6D34C /* KakaoSDKAuth in Frameworks */,
				8B7F3BB22CD3967900B6D34C /* KakaoSDKCert in Frameworks */,
			);
			runOnlyForDeploymentPostprocessing = 0;
		};
		8B7424E22CCA5A9800E198C3 /* Frameworks */ = {
			isa = PBXFrameworksBuildPhase;
			buildActionMask = 2147483647;
			files = (
			);
			runOnlyForDeploymentPostprocessing = 0;
		};
		8B7424EC2CCA5A9800E198C3 /* Frameworks */ = {
			isa = PBXFrameworksBuildPhase;
			buildActionMask = 2147483647;
			files = (
			);
			runOnlyForDeploymentPostprocessing = 0;
		};
/* End PBXFrameworksBuildPhase section */

/* Begin PBXGroup section */
		8B7424C62CCA5A9600E198C3 = {
			isa = PBXGroup;
			children = (
				8B7F3BBA2CD3B8A800B6D34C /* Config.xcconfig */,
				8B7F3B612CCF175F00B6D34C /* .gitignore */,
				8B7424D12CCA5A9600E198C3 /* SpotChat */,
				8B7424E82CCA5A9800E198C3 /* SpotChatTests */,
				8B7424F22CCA5A9800E198C3 /* SpotChatUITests */,
				8B7424D02CCA5A9600E198C3 /* Products */,
			);
			sourceTree = "<group>";
		};
		8B7424D02CCA5A9600E198C3 /* Products */ = {
			isa = PBXGroup;
			children = (
				8B7424CF2CCA5A9600E198C3 /* SpotChat.app */,
				8B7424E52CCA5A9800E198C3 /* SpotChatTests.xctest */,
				8B7424EF2CCA5A9800E198C3 /* SpotChatUITests.xctest */,
			);
			name = Products;
			sourceTree = "<group>";
		};
		8B7424D12CCA5A9600E198C3 /* SpotChat */ = {
			isa = PBXGroup;
			children = (
				8B7F3B982CD1098700B6D34C /* SpotChat.entitlements */,
				8B7F3B632CCF846A00B6D34C /* APIKey.swift */,
				8B7F3B682CCF9C5200B6D34C /* App */,
				8B7F3B822CD0CD8200B6D34C /* Base */,
				8B7F3B952CD0FF2A00B6D34C /* Custom */,
				8B7F3B712CCFAA4B00B6D34C /* Data */,
				8B7F3B872CD0CE0600B6D34C /* Extension */,
				8B7F3B672CCF9AE300B6D34C /* Network */,
				8B7F3B7E2CD0CC5700B6D34C /* Screen */,
				8B7424D62CCA5A9600E198C3 /* ViewController.swift */,
				8B7424E02CCA5A9800E198C3 /* Info.plist */,
			);
			path = SpotChat;
			sourceTree = "<group>";
		};
		8B7424E82CCA5A9800E198C3 /* SpotChatTests */ = {
			isa = PBXGroup;
			children = (
				8B7424E92CCA5A9800E198C3 /* SpotChatTests.swift */,
			);
			path = SpotChatTests;
			sourceTree = "<group>";
		};
		8B7424F22CCA5A9800E198C3 /* SpotChatUITests */ = {
			isa = PBXGroup;
			children = (
				8B7424F32CCA5A9800E198C3 /* SpotChatUITests.swift */,
				8B7424F52CCA5A9800E198C3 /* SpotChatUITestsLaunchTests.swift */,
			);
			path = SpotChatUITests;
			sourceTree = "<group>";
		};
		8B7F3B672CCF9AE300B6D34C /* Network */ = {
			isa = PBXGroup;
			children = (
				8B7F3B6F2CCFA51400B6D34C /* UserDefaultManager.swift */,
				8B7F3B7C2CD0C09D00B6D34C /* NetworkError.swift */,
				8B7F3B652CCF9ADE00B6D34C /* NetworkManager.swift */,
				8B7F3B692CCF9D1B00B6D34C /* URLComponent.swift */,
				8B7F3B6D2CCFA04D00B6D34C /* TargetType.swift */,
			);
			path = Network;
			sourceTree = "<group>";
		};
		8B7F3B682CCF9C5200B6D34C /* App */ = {
			isa = PBXGroup;
			children = (
				8B7424DD2CCA5A9800E198C3 /* LaunchScreen.storyboard */,
				8B7424DB2CCA5A9800E198C3 /* Assets.xcassets */,
				8B7424D22CCA5A9600E198C3 /* AppDelegate.swift */,
				8B7424D42CCA5A9600E198C3 /* SceneDelegate.swift */,
			);
			path = App;
			sourceTree = "<group>";
		};
		8B7F3B712CCFAA4B00B6D34C /* Data */ = {
			isa = PBXGroup;
			children = (
				8B7F3B722CCFAA9400B6D34C /* ResponseModel.swift */,
			);
			path = Data;
			sourceTree = "<group>";
		};
		8B7F3B7E2CD0CC5700B6D34C /* Screen */ = {
			isa = PBXGroup;
			children = (
				8B7F3B7F2CD0CD4E00B6D34C /* OnBoarding */,
				8B7F3B8C2CD0D01D00B6D34C /* SignUp */,
				8B7F3BBB2CD45F8A00B6D34C /* TabBar */,
				8B7F3BBE2CD4608200B6D34C /* Map */,
				8BDC9F822CD460C400E94702 /* Chat */,
				8BDC9F852CD4611B00E94702 /* Setting */,
			);
			path = Screen;
			sourceTree = "<group>";
		};
		8B7F3B7F2CD0CD4E00B6D34C /* OnBoarding */ = {
			isa = PBXGroup;
			children = (
				8B7F3BA42CD37E2600B6D34C /* Auth */,
				8B7F3B8D2CD0D19700B6D34C /* OnBoardingView.swift */,
				8B7F3B802CD0CD5E00B6D34C /* OnBoardingVC.swift */,
			);
			path = OnBoarding;
			sourceTree = "<group>";
		};
		8B7F3B822CD0CD8200B6D34C /* Base */ = {
			isa = PBXGroup;
			children = (
				8B7F3B852CD0CDBB00B6D34C /* BaseView.swift */,
				8B7F3B832CD0CD8A00B6D34C /* BaseVC.swift */,
				8B7F3BA02CD336CF00B6D34C /* BaseVMProtocol.swift */,
			);
			path = Base;
			sourceTree = "<group>";
		};
		8B7F3B872CD0CE0600B6D34C /* Extension */ = {
			isa = PBXGroup;
			children = (
				8B7F3B882CD0CE6E00B6D34C /* UIColor+.swift */,
			);
			path = Extension;
			sourceTree = "<group>";
		};
		8B7F3B8C2CD0D01D00B6D34C /* SignUp */ = {
			isa = PBXGroup;
			children = (
				8B7F3B8A2CD0CF4D00B6D34C /* SignUpView.swift */,
				8B7F3B932CD0FC6500B6D34C /* SignUpVC.swift */,
				8B7F3B9E2CD336AC00B6D34C /* SignUpVM.swift */,
			);
			path = SignUp;
			sourceTree = "<group>";
		};
		8B7F3B952CD0FF2A00B6D34C /* Custom */ = {
			isa = PBXGroup;
			children = (
				8B7F3B962CD0FF3900B6D34C /* CustomSignTextField.swift */,
			);
			path = Custom;
			sourceTree = "<group>";
		};
		8B7F3BA42CD37E2600B6D34C /* Auth */ = {
			isa = PBXGroup;
			children = (
				8B7F3B912CD0EB4D00B6D34C /* AuthView.swift */,
				8B7F3B8F2CD0D32500B6D34C /* AuthVC.swift */,
				8B7F3BA22CD37DE900B6D34C /* AppleLogin.swift */,
				8B7F3BB82CD3AF0D00B6D34C /* KakaoAuthVM.swift */,
			);
			path = Auth;
			sourceTree = "<group>";
		};
		8B7F3BBB2CD45F8A00B6D34C /* TabBar */ = {
			isa = PBXGroup;
			children = (
				8B7F3BBC2CD45FA300B6D34C /* TabBarVC.swift */,
			);
			path = TabBar;
			sourceTree = "<group>";
		};
		8B7F3BBE2CD4608200B6D34C /* Map */ = {
			isa = PBXGroup;
			children = (
				8B7F3B992CD1130600B6D34C /* MapVC.swift */,
			);
			path = Map;
			sourceTree = "<group>";
		};
		8BDC9F822CD460C400E94702 /* Chat */ = {
			isa = PBXGroup;
			children = (
				8BDC9F832CD460D400E94702 /* ChatVC.swift */,
			);
			path = Chat;
			sourceTree = "<group>";
		};
		8BDC9F852CD4611B00E94702 /* Setting */ = {
			isa = PBXGroup;
			children = (
				8BDC9F862CD4612E00E94702 /* SettingVC.swift */,
			);
			path = Setting;
			sourceTree = "<group>";
		};
/* End PBXGroup section */

/* Begin PBXNativeTarget section */
		8B7424CE2CCA5A9600E198C3 /* SpotChat */ = {
			isa = PBXNativeTarget;
			buildConfigurationList = 8B7424F92CCA5A9800E198C3 /* Build configuration list for PBXNativeTarget "SpotChat" */;
			buildPhases = (
				8B7424CB2CCA5A9600E198C3 /* Sources */,
				8B7424CC2CCA5A9600E198C3 /* Frameworks */,
				8B7424CD2CCA5A9600E198C3 /* Resources */,
			);
			buildRules = (
			);
			dependencies = (
			);
			name = SpotChat;
			packageProductDependencies = (
				8B7F3B552CCE0DED00B6D34C /* SnapKit */,
				8B7F3B9C2CD2219A00B6D34C /* CombineCocoa */,
				8B7F3BAD2CD3967900B6D34C /* KakaoSDK */,
				8B7F3BAF2CD3967900B6D34C /* KakaoSDKAuth */,
				8B7F3BB12CD3967900B6D34C /* KakaoSDKCert */,
				8B7F3BB32CD3967900B6D34C /* KakaoSDKCertCore */,
				8B7F3BB52CD3967900B6D34C /* KakaoSDKCommon */,
			);
			productName = SpotChat;
			productReference = 8B7424CF2CCA5A9600E198C3 /* SpotChat.app */;
			productType = "com.apple.product-type.application";
		};
		8B7424E42CCA5A9800E198C3 /* SpotChatTests */ = {
			isa = PBXNativeTarget;
			buildConfigurationList = 8B7424FC2CCA5A9800E198C3 /* Build configuration list for PBXNativeTarget "SpotChatTests" */;
			buildPhases = (
				8B7424E12CCA5A9800E198C3 /* Sources */,
				8B7424E22CCA5A9800E198C3 /* Frameworks */,
				8B7424E32CCA5A9800E198C3 /* Resources */,
			);
			buildRules = (
			);
			dependencies = (
				8B7424E72CCA5A9800E198C3 /* PBXTargetDependency */,
			);
			name = SpotChatTests;
			productName = SpotChatTests;
			productReference = 8B7424E52CCA5A9800E198C3 /* SpotChatTests.xctest */;
			productType = "com.apple.product-type.bundle.unit-test";
		};
		8B7424EE2CCA5A9800E198C3 /* SpotChatUITests */ = {
			isa = PBXNativeTarget;
			buildConfigurationList = 8B7424FF2CCA5A9800E198C3 /* Build configuration list for PBXNativeTarget "SpotChatUITests" */;
			buildPhases = (
				8B7424EB2CCA5A9800E198C3 /* Sources */,
				8B7424EC2CCA5A9800E198C3 /* Frameworks */,
				8B7424ED2CCA5A9800E198C3 /* Resources */,
			);
			buildRules = (
			);
			dependencies = (
				8B7424F12CCA5A9800E198C3 /* PBXTargetDependency */,
			);
			name = SpotChatUITests;
			productName = SpotChatUITests;
			productReference = 8B7424EF2CCA5A9800E198C3 /* SpotChatUITests.xctest */;
			productType = "com.apple.product-type.bundle.ui-testing";
		};
/* End PBXNativeTarget section */

/* Begin PBXProject section */
		8B7424C72CCA5A9600E198C3 /* Project object */ = {
			isa = PBXProject;
			attributes = {
				BuildIndependentTargetsInParallel = 1;
				LastSwiftUpdateCheck = 1530;
				LastUpgradeCheck = 1530;
				TargetAttributes = {
					8B7424CE2CCA5A9600E198C3 = {
						CreatedOnToolsVersion = 15.3;
					};
					8B7424E42CCA5A9800E198C3 = {
						CreatedOnToolsVersion = 15.3;
						TestTargetID = 8B7424CE2CCA5A9600E198C3;
					};
					8B7424EE2CCA5A9800E198C3 = {
						CreatedOnToolsVersion = 15.3;
						TestTargetID = 8B7424CE2CCA5A9600E198C3;
					};
				};
			};
			buildConfigurationList = 8B7424CA2CCA5A9600E198C3 /* Build configuration list for PBXProject "SpotChat" */;
			compatibilityVersion = "Xcode 14.0";
			developmentRegion = en;
			hasScannedForEncodings = 0;
			knownRegions = (
				en,
				Base,
			);
			mainGroup = 8B7424C62CCA5A9600E198C3;
			packageReferences = (
				8B7F3B542CCE0DED00B6D34C /* XCRemoteSwiftPackageReference "SnapKit" */,
				8B7F3B9B2CD2219A00B6D34C /* XCRemoteSwiftPackageReference "CombineCocoa" */,
				8B7F3BAC2CD3967900B6D34C /* XCRemoteSwiftPackageReference "kakao-ios-sdk" */,
			);
			productRefGroup = 8B7424D02CCA5A9600E198C3 /* Products */;
			projectDirPath = "";
			projectRoot = "";
			targets = (
				8B7424CE2CCA5A9600E198C3 /* SpotChat */,
				8B7424E42CCA5A9800E198C3 /* SpotChatTests */,
				8B7424EE2CCA5A9800E198C3 /* SpotChatUITests */,
			);
		};
/* End PBXProject section */

/* Begin PBXResourcesBuildPhase section */
		8B7424CD2CCA5A9600E198C3 /* Resources */ = {
			isa = PBXResourcesBuildPhase;
			buildActionMask = 2147483647;
			files = (
				8B7424DC2CCA5A9800E198C3 /* Assets.xcassets in Resources */,
				8B7F3B622CCF175F00B6D34C /* .gitignore in Resources */,
				8B7424DF2CCA5A9800E198C3 /* Base in Resources */,
			);
			runOnlyForDeploymentPostprocessing = 0;
		};
		8B7424E32CCA5A9800E198C3 /* Resources */ = {
			isa = PBXResourcesBuildPhase;
			buildActionMask = 2147483647;
			files = (
			);
			runOnlyForDeploymentPostprocessing = 0;
		};
		8B7424ED2CCA5A9800E198C3 /* Resources */ = {
			isa = PBXResourcesBuildPhase;
			buildActionMask = 2147483647;
			files = (
			);
			runOnlyForDeploymentPostprocessing = 0;
		};
/* End PBXResourcesBuildPhase section */

/* Begin PBXSourcesBuildPhase section */
		8B7424CB2CCA5A9600E198C3 /* Sources */ = {
			isa = PBXSourcesBuildPhase;
			buildActionMask = 2147483647;
			files = (
				8B7F3B9F2CD336AC00B6D34C /* SignUpVM.swift in Sources */,
				8BDC9F872CD4612E00E94702 /* SettingVC.swift in Sources */,
				8B7F3B902CD0D32500B6D34C /* AuthVC.swift in Sources */,
				8B7F3B662CCF9ADE00B6D34C /* NetworkManager.swift in Sources */,
				8B7424D72CCA5A9600E198C3 /* ViewController.swift in Sources */,
				8B7424D32CCA5A9600E198C3 /* AppDelegate.swift in Sources */,
				8B7F3B6E2CCFA04D00B6D34C /* TargetType.swift in Sources */,
				8B7F3B702CCFA51400B6D34C /* UserDefaultManager.swift in Sources */,
				8B7F3BA12CD336CF00B6D34C /* BaseVMProtocol.swift in Sources */,
				8B7F3BBD2CD45FA300B6D34C /* TabBarVC.swift in Sources */,
				8B7F3B812CD0CD5F00B6D34C /* OnBoardingVC.swift in Sources */,
				8B7F3B6A2CCF9D1B00B6D34C /* URLComponent.swift in Sources */,
				8B7F3B942CD0FC6500B6D34C /* SignUpVC.swift in Sources */,
				8B7F3B922CD0EB4D00B6D34C /* AuthView.swift in Sources */,
				8B7F3B842CD0CD8A00B6D34C /* BaseVC.swift in Sources */,
				8B7F3B8E2CD0D19700B6D34C /* OnBoardingView.swift in Sources */,
				8B7F3B732CCFAA9400B6D34C /* ResponseModel.swift in Sources */,
				8B7F3B972CD0FF3900B6D34C /* CustomSignTextField.swift in Sources */,
				8B7F3B7D2CD0C09D00B6D34C /* NetworkError.swift in Sources */,
				8BDC9F842CD460D400E94702 /* ChatVC.swift in Sources */,
				8B7F3B862CD0CDBB00B6D34C /* BaseView.swift in Sources */,
				8B7424D52CCA5A9600E198C3 /* SceneDelegate.swift in Sources */,
				8B7F3B8B2CD0CF4D00B6D34C /* SignUpView.swift in Sources */,
				8B7F3B642CCF846A00B6D34C /* APIKey.swift in Sources */,
				8B7F3B892CD0CE6E00B6D34C /* UIColor+.swift in Sources */,
				8B7F3BA32CD37DE900B6D34C /* AppleLogin.swift in Sources */,
				8B7F3BB92CD3AF0D00B6D34C /* KakaoAuthVM.swift in Sources */,
				8B7F3B9A2CD1130600B6D34C /* MapVC.swift in Sources */,
			);
			runOnlyForDeploymentPostprocessing = 0;
		};
		8B7424E12CCA5A9800E198C3 /* Sources */ = {
			isa = PBXSourcesBuildPhase;
			buildActionMask = 2147483647;
			files = (
				8B7424EA2CCA5A9800E198C3 /* SpotChatTests.swift in Sources */,
			);
			runOnlyForDeploymentPostprocessing = 0;
		};
		8B7424EB2CCA5A9800E198C3 /* Sources */ = {
			isa = PBXSourcesBuildPhase;
			buildActionMask = 2147483647;
			files = (
				8B7424F62CCA5A9800E198C3 /* SpotChatUITestsLaunchTests.swift in Sources */,
				8B7424F42CCA5A9800E198C3 /* SpotChatUITests.swift in Sources */,
			);
			runOnlyForDeploymentPostprocessing = 0;
		};
/* End PBXSourcesBuildPhase section */

/* Begin PBXTargetDependency section */
		8B7424E72CCA5A9800E198C3 /* PBXTargetDependency */ = {
			isa = PBXTargetDependency;
			target = 8B7424CE2CCA5A9600E198C3 /* SpotChat */;
			targetProxy = 8B7424E62CCA5A9800E198C3 /* PBXContainerItemProxy */;
		};
		8B7424F12CCA5A9800E198C3 /* PBXTargetDependency */ = {
			isa = PBXTargetDependency;
			target = 8B7424CE2CCA5A9600E198C3 /* SpotChat */;
			targetProxy = 8B7424F02CCA5A9800E198C3 /* PBXContainerItemProxy */;
		};
/* End PBXTargetDependency section */

/* Begin PBXVariantGroup section */
		8B7424DD2CCA5A9800E198C3 /* LaunchScreen.storyboard */ = {
			isa = PBXVariantGroup;
			children = (
				8B7424DE2CCA5A9800E198C3 /* Base */,
			);
			name = LaunchScreen.storyboard;
			sourceTree = "<group>";
		};
/* End PBXVariantGroup section */

/* Begin XCBuildConfiguration section */
		8B7424F72CCA5A9800E198C3 /* Debug */ = {
			isa = XCBuildConfiguration;
			buildSettings = {
				ALWAYS_SEARCH_USER_PATHS = NO;
				ASSETCATALOG_COMPILER_GENERATE_SWIFT_ASSET_SYMBOL_EXTENSIONS = YES;
				CLANG_ANALYZER_NONNULL = YES;
				CLANG_ANALYZER_NUMBER_OBJECT_CONVERSION = YES_AGGRESSIVE;
				CLANG_CXX_LANGUAGE_STANDARD = "gnu++20";
				CLANG_ENABLE_MODULES = YES;
				CLANG_ENABLE_OBJC_ARC = YES;
				CLANG_ENABLE_OBJC_WEAK = YES;
				CLANG_WARN_BLOCK_CAPTURE_AUTORELEASING = YES;
				CLANG_WARN_BOOL_CONVERSION = YES;
				CLANG_WARN_COMMA = YES;
				CLANG_WARN_CONSTANT_CONVERSION = YES;
				CLANG_WARN_DEPRECATED_OBJC_IMPLEMENTATIONS = YES;
				CLANG_WARN_DIRECT_OBJC_ISA_USAGE = YES_ERROR;
				CLANG_WARN_DOCUMENTATION_COMMENTS = YES;
				CLANG_WARN_EMPTY_BODY = YES;
				CLANG_WARN_ENUM_CONVERSION = YES;
				CLANG_WARN_INFINITE_RECURSION = YES;
				CLANG_WARN_INT_CONVERSION = YES;
				CLANG_WARN_NON_LITERAL_NULL_CONVERSION = YES;
				CLANG_WARN_OBJC_IMPLICIT_RETAIN_SELF = YES;
				CLANG_WARN_OBJC_LITERAL_CONVERSION = YES;
				CLANG_WARN_OBJC_ROOT_CLASS = YES_ERROR;
				CLANG_WARN_QUOTED_INCLUDE_IN_FRAMEWORK_HEADER = YES;
				CLANG_WARN_RANGE_LOOP_ANALYSIS = YES;
				CLANG_WARN_STRICT_PROTOTYPES = YES;
				CLANG_WARN_SUSPICIOUS_MOVE = YES;
				CLANG_WARN_UNGUARDED_AVAILABILITY = YES_AGGRESSIVE;
				CLANG_WARN_UNREACHABLE_CODE = YES;
				CLANG_WARN__DUPLICATE_METHOD_MATCH = YES;
				COPY_PHASE_STRIP = NO;
				DEBUG_INFORMATION_FORMAT = dwarf;
				ENABLE_STRICT_OBJC_MSGSEND = YES;
				ENABLE_TESTABILITY = YES;
				ENABLE_USER_SCRIPT_SANDBOXING = YES;
				GCC_C_LANGUAGE_STANDARD = gnu17;
				GCC_DYNAMIC_NO_PIC = NO;
				GCC_NO_COMMON_BLOCKS = YES;
				GCC_OPTIMIZATION_LEVEL = 0;
				GCC_PREPROCESSOR_DEFINITIONS = (
					"DEBUG=1",
					"$(inherited)",
				);
				GCC_WARN_64_TO_32_BIT_CONVERSION = YES;
				GCC_WARN_ABOUT_RETURN_TYPE = YES_ERROR;
				GCC_WARN_UNDECLARED_SELECTOR = YES;
				GCC_WARN_UNINITIALIZED_AUTOS = YES_AGGRESSIVE;
				GCC_WARN_UNUSED_FUNCTION = YES;
				GCC_WARN_UNUSED_VARIABLE = YES;
				IPHONEOS_DEPLOYMENT_TARGET = 16.0;
				LOCALIZATION_PREFERS_STRING_CATALOGS = YES;
				MTL_ENABLE_DEBUG_INFO = INCLUDE_SOURCE;
				MTL_FAST_MATH = YES;
				ONLY_ACTIVE_ARCH = YES;
				SDKROOT = iphoneos;
				SWIFT_ACTIVE_COMPILATION_CONDITIONS = "DEBUG $(inherited)";
				SWIFT_OPTIMIZATION_LEVEL = "-Onone";
			};
			name = Debug;
		};
		8B7424F82CCA5A9800E198C3 /* Release */ = {
			isa = XCBuildConfiguration;
			buildSettings = {
				ALWAYS_SEARCH_USER_PATHS = NO;
				ASSETCATALOG_COMPILER_GENERATE_SWIFT_ASSET_SYMBOL_EXTENSIONS = YES;
				CLANG_ANALYZER_NONNULL = YES;
				CLANG_ANALYZER_NUMBER_OBJECT_CONVERSION = YES_AGGRESSIVE;
				CLANG_CXX_LANGUAGE_STANDARD = "gnu++20";
				CLANG_ENABLE_MODULES = YES;
				CLANG_ENABLE_OBJC_ARC = YES;
				CLANG_ENABLE_OBJC_WEAK = YES;
				CLANG_WARN_BLOCK_CAPTURE_AUTORELEASING = YES;
				CLANG_WARN_BOOL_CONVERSION = YES;
				CLANG_WARN_COMMA = YES;
				CLANG_WARN_CONSTANT_CONVERSION = YES;
				CLANG_WARN_DEPRECATED_OBJC_IMPLEMENTATIONS = YES;
				CLANG_WARN_DIRECT_OBJC_ISA_USAGE = YES_ERROR;
				CLANG_WARN_DOCUMENTATION_COMMENTS = YES;
				CLANG_WARN_EMPTY_BODY = YES;
				CLANG_WARN_ENUM_CONVERSION = YES;
				CLANG_WARN_INFINITE_RECURSION = YES;
				CLANG_WARN_INT_CONVERSION = YES;
				CLANG_WARN_NON_LITERAL_NULL_CONVERSION = YES;
				CLANG_WARN_OBJC_IMPLICIT_RETAIN_SELF = YES;
				CLANG_WARN_OBJC_LITERAL_CONVERSION = YES;
				CLANG_WARN_OBJC_ROOT_CLASS = YES_ERROR;
				CLANG_WARN_QUOTED_INCLUDE_IN_FRAMEWORK_HEADER = YES;
				CLANG_WARN_RANGE_LOOP_ANALYSIS = YES;
				CLANG_WARN_STRICT_PROTOTYPES = YES;
				CLANG_WARN_SUSPICIOUS_MOVE = YES;
				CLANG_WARN_UNGUARDED_AVAILABILITY = YES_AGGRESSIVE;
				CLANG_WARN_UNREACHABLE_CODE = YES;
				CLANG_WARN__DUPLICATE_METHOD_MATCH = YES;
				COPY_PHASE_STRIP = NO;
				DEBUG_INFORMATION_FORMAT = "dwarf-with-dsym";
				ENABLE_NS_ASSERTIONS = NO;
				ENABLE_STRICT_OBJC_MSGSEND = YES;
				ENABLE_USER_SCRIPT_SANDBOXING = YES;
				GCC_C_LANGUAGE_STANDARD = gnu17;
				GCC_NO_COMMON_BLOCKS = YES;
				GCC_WARN_64_TO_32_BIT_CONVERSION = YES;
				GCC_WARN_ABOUT_RETURN_TYPE = YES_ERROR;
				GCC_WARN_UNDECLARED_SELECTOR = YES;
				GCC_WARN_UNINITIALIZED_AUTOS = YES_AGGRESSIVE;
				GCC_WARN_UNUSED_FUNCTION = YES;
				GCC_WARN_UNUSED_VARIABLE = YES;
				IPHONEOS_DEPLOYMENT_TARGET = 16.0;
				LOCALIZATION_PREFERS_STRING_CATALOGS = YES;
				MTL_ENABLE_DEBUG_INFO = NO;
				MTL_FAST_MATH = YES;
				SDKROOT = iphoneos;
				SWIFT_COMPILATION_MODE = wholemodule;
				VALIDATE_PRODUCT = YES;
			};
			name = Release;
		};
		8B7424FA2CCA5A9800E198C3 /* Debug */ = {
			isa = XCBuildConfiguration;
			buildSettings = {
				ASSETCATALOG_COMPILER_APPICON_NAME = AppIcon;
				ASSETCATALOG_COMPILER_GLOBAL_ACCENT_COLOR_NAME = AccentColor;
				CODE_SIGN_ENTITLEMENTS = SpotChat/SpotChat.entitlements;
				CODE_SIGN_STYLE = Automatic;
				CURRENT_PROJECT_VERSION = 1;
				DEVELOPMENT_TEAM = 83K785968Z;
				GENERATE_INFOPLIST_FILE = YES;
				INFOPLIST_FILE = SpotChat/Info.plist;
				INFOPLIST_KEY_UIApplicationSupportsIndirectInputEvents = YES;
				INFOPLIST_KEY_UILaunchStoryboardName = LaunchScreen;
				INFOPLIST_KEY_UISupportedInterfaceOrientations = UIInterfaceOrientationPortrait;
				IPHONEOS_DEPLOYMENT_TARGET = 16.0;
				LD_RUNPATH_SEARCH_PATHS = (
					"$(inherited)",
					"@executable_path/Frameworks",
				);
				MARKETING_VERSION = 1.0;
				PRODUCT_BUNDLE_IDENTIFIER = com.Swift.SpotChat;
				PRODUCT_NAME = "$(TARGET_NAME)";
				SUPPORTED_PLATFORMS = "iphoneos iphonesimulator";
				SUPPORTS_MACCATALYST = NO;
				SUPPORTS_MAC_DESIGNED_FOR_IPHONE_IPAD = NO;
				SUPPORTS_XR_DESIGNED_FOR_IPHONE_IPAD = NO;
				SWIFT_EMIT_LOC_STRINGS = YES;
				SWIFT_VERSION = 5.0;
				TARGETED_DEVICE_FAMILY = 1;
			};
			name = Debug;
		};
		8B7424FB2CCA5A9800E198C3 /* Release */ = {
			isa = XCBuildConfiguration;
			buildSettings = {
				ASSETCATALOG_COMPILER_APPICON_NAME = AppIcon;
				ASSETCATALOG_COMPILER_GLOBAL_ACCENT_COLOR_NAME = AccentColor;
				CODE_SIGN_ENTITLEMENTS = SpotChat/SpotChat.entitlements;
				CODE_SIGN_STYLE = Automatic;
				CURRENT_PROJECT_VERSION = 1;
				DEVELOPMENT_TEAM = 83K785968Z;
				GENERATE_INFOPLIST_FILE = YES;
				INFOPLIST_FILE = SpotChat/Info.plist;
				INFOPLIST_KEY_UIApplicationSupportsIndirectInputEvents = YES;
				INFOPLIST_KEY_UILaunchStoryboardName = LaunchScreen;
				INFOPLIST_KEY_UISupportedInterfaceOrientations = UIInterfaceOrientationPortrait;
				IPHONEOS_DEPLOYMENT_TARGET = 16.0;
				LD_RUNPATH_SEARCH_PATHS = (
					"$(inherited)",
					"@executable_path/Frameworks",
				);
				MARKETING_VERSION = 1.0;
				PRODUCT_BUNDLE_IDENTIFIER = com.Swift.SpotChat;
				PRODUCT_NAME = "$(TARGET_NAME)";
				SUPPORTED_PLATFORMS = "iphoneos iphonesimulator";
				SUPPORTS_MACCATALYST = NO;
				SUPPORTS_MAC_DESIGNED_FOR_IPHONE_IPAD = NO;
				SUPPORTS_XR_DESIGNED_FOR_IPHONE_IPAD = NO;
				SWIFT_EMIT_LOC_STRINGS = YES;
				SWIFT_VERSION = 5.0;
				TARGETED_DEVICE_FAMILY = 1;
			};
			name = Release;
		};
		8B7424FD2CCA5A9800E198C3 /* Debug */ = {
			isa = XCBuildConfiguration;
			buildSettings = {
				ALWAYS_EMBED_SWIFT_STANDARD_LIBRARIES = YES;
				BUNDLE_LOADER = "$(TEST_HOST)";
				CODE_SIGN_STYLE = Automatic;
				CURRENT_PROJECT_VERSION = 1;
				DEVELOPMENT_TEAM = 83K785968Z;
				GENERATE_INFOPLIST_FILE = YES;
				IPHONEOS_DEPLOYMENT_TARGET = 17.4;
				MARKETING_VERSION = 1.0;
				PRODUCT_BUNDLE_IDENTIFIER = com.Swift.SpotChatTests;
				PRODUCT_NAME = "$(TARGET_NAME)";
				SWIFT_EMIT_LOC_STRINGS = NO;
				SWIFT_VERSION = 5.0;
				TARGETED_DEVICE_FAMILY = "1,2";
				TEST_HOST = "$(BUILT_PRODUCTS_DIR)/SpotChat.app/$(BUNDLE_EXECUTABLE_FOLDER_PATH)/SpotChat";
			};
			name = Debug;
		};
		8B7424FE2CCA5A9800E198C3 /* Release */ = {
			isa = XCBuildConfiguration;
			buildSettings = {
				ALWAYS_EMBED_SWIFT_STANDARD_LIBRARIES = YES;
				BUNDLE_LOADER = "$(TEST_HOST)";
				CODE_SIGN_STYLE = Automatic;
				CURRENT_PROJECT_VERSION = 1;
				DEVELOPMENT_TEAM = 83K785968Z;
				GENERATE_INFOPLIST_FILE = YES;
				IPHONEOS_DEPLOYMENT_TARGET = 17.4;
				MARKETING_VERSION = 1.0;
				PRODUCT_BUNDLE_IDENTIFIER = com.Swift.SpotChatTests;
				PRODUCT_NAME = "$(TARGET_NAME)";
				SWIFT_EMIT_LOC_STRINGS = NO;
				SWIFT_VERSION = 5.0;
				TARGETED_DEVICE_FAMILY = "1,2";
				TEST_HOST = "$(BUILT_PRODUCTS_DIR)/SpotChat.app/$(BUNDLE_EXECUTABLE_FOLDER_PATH)/SpotChat";
			};
			name = Release;
		};
		8B7425002CCA5A9800E198C3 /* Debug */ = {
			isa = XCBuildConfiguration;
			buildSettings = {
				ALWAYS_EMBED_SWIFT_STANDARD_LIBRARIES = YES;
				CODE_SIGN_STYLE = Automatic;
				CURRENT_PROJECT_VERSION = 1;
				DEVELOPMENT_TEAM = 83K785968Z;
				GENERATE_INFOPLIST_FILE = YES;
				MARKETING_VERSION = 1.0;
				PRODUCT_BUNDLE_IDENTIFIER = com.Swift.SpotChatUITests;
				PRODUCT_NAME = "$(TARGET_NAME)";
				SWIFT_EMIT_LOC_STRINGS = NO;
				SWIFT_VERSION = 5.0;
				TARGETED_DEVICE_FAMILY = "1,2";
				TEST_TARGET_NAME = SpotChat;
			};
			name = Debug;
		};
		8B7425012CCA5A9800E198C3 /* Release */ = {
			isa = XCBuildConfiguration;
			buildSettings = {
				ALWAYS_EMBED_SWIFT_STANDARD_LIBRARIES = YES;
				CODE_SIGN_STYLE = Automatic;
				CURRENT_PROJECT_VERSION = 1;
				DEVELOPMENT_TEAM = 83K785968Z;
				GENERATE_INFOPLIST_FILE = YES;
				MARKETING_VERSION = 1.0;
				PRODUCT_BUNDLE_IDENTIFIER = com.Swift.SpotChatUITests;
				PRODUCT_NAME = "$(TARGET_NAME)";
				SWIFT_EMIT_LOC_STRINGS = NO;
				SWIFT_VERSION = 5.0;
				TARGETED_DEVICE_FAMILY = "1,2";
				TEST_TARGET_NAME = SpotChat;
			};
			name = Release;
		};
/* End XCBuildConfiguration section */

/* Begin XCConfigurationList section */
		8B7424CA2CCA5A9600E198C3 /* Build configuration list for PBXProject "SpotChat" */ = {
			isa = XCConfigurationList;
			buildConfigurations = (
				8B7424F72CCA5A9800E198C3 /* Debug */,
				8B7424F82CCA5A9800E198C3 /* Release */,
			);
			defaultConfigurationIsVisible = 0;
			defaultConfigurationName = Release;
		};
		8B7424F92CCA5A9800E198C3 /* Build configuration list for PBXNativeTarget "SpotChat" */ = {
			isa = XCConfigurationList;
			buildConfigurations = (
				8B7424FA2CCA5A9800E198C3 /* Debug */,
				8B7424FB2CCA5A9800E198C3 /* Release */,
			);
			defaultConfigurationIsVisible = 0;
			defaultConfigurationName = Release;
		};
		8B7424FC2CCA5A9800E198C3 /* Build configuration list for PBXNativeTarget "SpotChatTests" */ = {
			isa = XCConfigurationList;
			buildConfigurations = (
				8B7424FD2CCA5A9800E198C3 /* Debug */,
				8B7424FE2CCA5A9800E198C3 /* Release */,
			);
			defaultConfigurationIsVisible = 0;
			defaultConfigurationName = Release;
		};
		8B7424FF2CCA5A9800E198C3 /* Build configuration list for PBXNativeTarget "SpotChatUITests" */ = {
			isa = XCConfigurationList;
			buildConfigurations = (
				8B7425002CCA5A9800E198C3 /* Debug */,
				8B7425012CCA5A9800E198C3 /* Release */,
			);
			defaultConfigurationIsVisible = 0;
			defaultConfigurationName = Release;
		};
/* End XCConfigurationList section */

/* Begin XCRemoteSwiftPackageReference section */
		8B7F3B542CCE0DED00B6D34C /* XCRemoteSwiftPackageReference "SnapKit" */ = {
			isa = XCRemoteSwiftPackageReference;
			repositoryURL = "https://github.com/SnapKit/SnapKit.git";
			requirement = {
				kind = upToNextMajorVersion;
				minimumVersion = 5.7.1;
			};
		};
		8B7F3B9B2CD2219A00B6D34C /* XCRemoteSwiftPackageReference "CombineCocoa" */ = {
			isa = XCRemoteSwiftPackageReference;
			repositoryURL = "https://github.com/CombineCommunity/CombineCocoa.git";
			requirement = {
				kind = upToNextMajorVersion;
				minimumVersion = 0.4.1;
			};
		};
		8B7F3BAC2CD3967900B6D34C /* XCRemoteSwiftPackageReference "kakao-ios-sdk" */ = {
			isa = XCRemoteSwiftPackageReference;
			repositoryURL = "https://github.com/kakao/kakao-ios-sdk";
			requirement = {
				kind = upToNextMajorVersion;
				minimumVersion = 2.23.0;
			};
		};
/* End XCRemoteSwiftPackageReference section */

/* Begin XCSwiftPackageProductDependency section */
		8B7F3B552CCE0DED00B6D34C /* SnapKit */ = {
			isa = XCSwiftPackageProductDependency;
			package = 8B7F3B542CCE0DED00B6D34C /* XCRemoteSwiftPackageReference "SnapKit" */;
			productName = SnapKit;
		};
		8B7F3B9C2CD2219A00B6D34C /* CombineCocoa */ = {
			isa = XCSwiftPackageProductDependency;
			package = 8B7F3B9B2CD2219A00B6D34C /* XCRemoteSwiftPackageReference "CombineCocoa" */;
			productName = CombineCocoa;
		};
		8B7F3BAD2CD3967900B6D34C /* KakaoSDK */ = {
			isa = XCSwiftPackageProductDependency;
			package = 8B7F3BAC2CD3967900B6D34C /* XCRemoteSwiftPackageReference "kakao-ios-sdk" */;
			productName = KakaoSDK;
		};
		8B7F3BAF2CD3967900B6D34C /* KakaoSDKAuth */ = {
			isa = XCSwiftPackageProductDependency;
			package = 8B7F3BAC2CD3967900B6D34C /* XCRemoteSwiftPackageReference "kakao-ios-sdk" */;
			productName = KakaoSDKAuth;
		};
		8B7F3BB12CD3967900B6D34C /* KakaoSDKCert */ = {
			isa = XCSwiftPackageProductDependency;
			package = 8B7F3BAC2CD3967900B6D34C /* XCRemoteSwiftPackageReference "kakao-ios-sdk" */;
			productName = KakaoSDKCert;
		};
		8B7F3BB32CD3967900B6D34C /* KakaoSDKCertCore */ = {
			isa = XCSwiftPackageProductDependency;
			package = 8B7F3BAC2CD3967900B6D34C /* XCRemoteSwiftPackageReference "kakao-ios-sdk" */;
			productName = KakaoSDKCertCore;
		};
		8B7F3BB52CD3967900B6D34C /* KakaoSDKCommon */ = {
			isa = XCSwiftPackageProductDependency;
			package = 8B7F3BAC2CD3967900B6D34C /* XCRemoteSwiftPackageReference "kakao-ios-sdk" */;
			productName = KakaoSDKCommon;
		};
/* End XCSwiftPackageProductDependency section */
	};
	rootObject = 8B7424C72CCA5A9600E198C3 /* Project object */;
}
